# THIS IS AN AUTOGENERATED FILE. DO NOT EDIT THIS FILE DIRECTLY.
# yarn lockfile v1


gemoji@^8.1.0:
  version "8.1.0"
  resolved "https://registry.yarnpkg.com/gemoji/-/gemoji-8.1.0.tgz#3d47a26e569c51efa95198822a6f483d7a7ae600"
  integrity sha512-HA4Gx59dw2+tn+UAa7XEV4ufUKI4fH1KgcbenVA9YKSj1QJTT0xh5Mwv5HMFNN3l2OtUe3ZIfuRwSyZS5pLIWw==
